
Microsoft Visual Studio Solution File, Format Version 12.00
# Visual Studio Version 16
VisualStudioVersion = 16.0.33130.400
MinimumVisualStudioVersion = 10.0.40219.1
Project("{FAE04EC0-301F-11D3-BF4B-00C04F79EFBC}") = "AoC22", "AoC22.csproj", "{FD6B1DB0-081C-4A24-BDAE-7C0CCBAC2DED}"
EndProject
Project("{FAE04EC0-301F-11D3-BF4B-00C04F79EFBC}") = "AoC22_Console", "..\AoC22_Console\AoC22_Console.csproj", "{ED4E2B2A-E6E4-4298-B05F-92C58C009B3D}"
EndProject
Global
	GlobalSection(SolutionConfigurationPlatforms) = preSolution
		Debug|Any CPU = Debug|Any CPU
		Release|Any CPU = Release|Any CPU
	EndGlobalSection
	GlobalSection(ProjectConfigurationPlatforms) = postSolution
		{FD6B1DB0-081C-4A24-BDAE-7C0CCBAC2DED}.Debug|Any CPU.ActiveCfg = Debug|Any CPU
		{FD6B1DB0-081C-4A24-BDAE-7C0CCBAC2DED}.Debug|Any CPU.Build.0 = Debug|Any CPU
		{FD6B1DB0-081C-4A24-BDAE-7C0CCBAC2DED}.Release|Any CPU.ActiveCfg = Release|Any CPU
		{FD6B1DB0-081C-4A24-BDAE-7C0CCBAC2DED}.Release|Any CPU.Build.0 = Release|Any CPU
		{ED4E2B2A-E6E4-4298-B05F-92C58C009B3D}.Debug|Any CPU.ActiveCfg = Debug|Any CPU
		{ED4E2B2A-E6E4-4298-B05F-92C58C009B3D}.Debug|Any CPU.Build.0 = Debug|Any CPU
		{ED4E2B2A-E6E4-4298-B05F-92C58C009B3D}.Release|Any CPU.ActiveCfg = Release|Any CPU
		{ED4E2B2A-E6E4-4298-B05F-92C58C009B3D}.Release|Any CPU.Build.0 = Release|Any CPU
	EndGlobalSection
	GlobalSection(SolutionProperties) = preSolution
		HideSolutionNode = FALSE
	EndGlobalSection
	GlobalSection(ExtensibilityGlobals) = postSolution
		SolutionGuid = {743D0CE4-6646-427E-A45E-2B72A3CF627F}
	EndGlobalSection
EndGlobal
